
Microsoft Visual Studio Solution File, Format Version 12.00
# Visual Studio Version 16
VisualStudioVersion = 16.0.30517.126
MinimumVisualStudioVersion = 10.0.40219.1
Project("{FAE04EC0-301F-11D3-BF4B-00C04F79EFBC}") = "Singleton", "Singleton\Singleton.csproj", "{08282CBD-1E3D-4FCC-812C-3901FAAEEC9A}"
EndProject
Global
	GlobalSection(SolutionConfigurationPlatforms) = preSolution
		Debug|Any CPU = Debug|Any CPU
		Release|Any CPU = Release|Any CPU
	EndGlobalSection
	GlobalSection(ProjectConfigurationPlatforms) = postSolution
		{08282CBD-1E3D-4FCC-812C-3901FAAEEC9A}.Debug|Any CPU.ActiveCfg = Debug|Any CPU
		{08282CBD-1E3D-4FCC-812C-3901FAAEEC9A}.Debug|Any CPU.Build.0 = Debug|Any CPU
		{08282CBD-1E3D-4FCC-812C-3901FAAEEC9A}.Release|Any CPU.ActiveCfg = Release|Any CPU
		{08282CBD-1E3D-4FCC-812C-3901FAAEEC9A}.Release|Any CPU.Build.0 = Release|Any CPU
	EndGlobalSection
	GlobalSection(SolutionProperties) = preSolution
		HideSolutionNode = FALSE
	EndGlobalSection
	GlobalSection(ExtensibilityGlobals) = postSolution
		SolutionGuid = {09AD1595-5F06-4BD2-9A74-A90EC14DD73E}
	EndGlobalSection
EndGlobal
